
Microsoft Visual Studio Solution File, Format Version 12.00
# Visual Studio Version 16
VisualStudioVersion = 16.0.34407.143
MinimumVisualStudioVersion = 10.0.40219.1
Project("{FAE04EC0-301F-11D3-BF4B-00C04F79EFBC}") = "DevFolio", "DevFolio\DevFolio.csproj", "{C4CE5784-8126-4E73-9BEC-5E523ED985C3}"
EndProject
Global
	GlobalSection(SolutionConfigurationPlatforms) = preSolution
		Debug|Any CPU = Debug|Any CPU
		Release|Any CPU = Release|Any CPU
	EndGlobalSection
	GlobalSection(ProjectConfigurationPlatforms) = postSolution
		{C4CE5784-8126-4E73-9BEC-5E523ED985C3}.Debug|Any CPU.ActiveCfg = Debug|Any CPU
		{C4CE5784-8126-4E73-9BEC-5E523ED985C3}.Debug|Any CPU.Build.0 = Debug|Any CPU
		{C4CE5784-8126-4E73-9BEC-5E523ED985C3}.Release|Any CPU.ActiveCfg = Release|Any CPU
		{C4CE5784-8126-4E73-9BEC-5E523ED985C3}.Release|Any CPU.Build.0 = Release|Any CPU
	EndGlobalSection
	GlobalSection(SolutionProperties) = preSolution
		HideSolutionNode = FALSE
	EndGlobalSection
	GlobalSection(ExtensibilityGlobals) = postSolution
		SolutionGuid = {9E20AF5F-DC93-49BD-B530-0287D0D0EEE7}
	EndGlobalSection
EndGlobal
